# This file is automatically @generated by Cargo.
# It is not intended for manual editing.
version = 4

[[package]]
name = "coach_core"
version = "0.0.0"
dependencies = [
 "program_core",
 "safety_core",
]

[[package]]
name = "program_core"
version = "0.0.0"
dependencies = [
 "safety_core",
]

[[package]]
name = "safety_core"
version = "0.0.0"
