// !$*UTF8*$!
{
    archiveVersion = 1;
    classes = {};
    objectVersion = 56;
    objects = {

        2D7E4153715945C386E3A32E /* RemoteLogger.swift */ = {isa = PBXFileReference; lastKnownFileType = sourcecode.swift; path = "Treddy/Services/RemoteLogger.swift"; sourceTree = "<group>"; };
        23D9E07594B14CC9ADD9BC50 /* TreadmillAPI.swift */ = {isa = PBXFileReference; lastKnownFileType = sourcecode.swift; path = "Treddy/Services/TreadmillAPI.swift"; sourceTree = "<group>"; };
        FDBD58339BA24218BE27603F /* TreadmillWebSocket.swift */ = {isa = PBXFileReference; lastKnownFileType = sourcecode.swift; path = "Treddy/Services/TreadmillWebSocket.swift"; sourceTree = "<group>"; };
        C18D5B80693C45E49DB0679D /* TrustAllDelegate.swift */ = {isa = PBXFileReference; lastKnownFileType = sourcecode.swift; path = "Treddy/Services/TrustAllDelegate.swift"; sourceTree = "<group>"; };
        7EC32C3A74154AF2B0142007 /* AppRoute.swift */ = {isa = PBXFileReference; lastKnownFileType = sourcecode.swift; path = "Treddy/App/AppRoute.swift"; sourceTree = "<group>"; };
        52CDD557FA7145A18CC54860 /* AppShellView.swift */ = {isa = PBXFileReference; lastKnownFileType = sourcecode.swift; path = "Treddy/App/AppShellView.swift"; sourceTree = "<group>"; };
        61CF0248BCEC42F6990F7675 /* TreddyApp.swift */ = {isa = PBXFileReference; lastKnownFileType = sourcecode.swift; path = "Treddy/App/TreddyApp.swift"; sourceTree = "<group>"; };
        515DCBA27CD640D59AE73044 /* AudioCapture.swift */ = {isa = PBXFileReference; lastKnownFileType = sourcecode.swift; path = "Treddy/Voice/AudioCapture.swift"; sourceTree = "<group>"; };
        C2DA20478DAF474D9D3EB54A /* AudioPlayer.swift */ = {isa = PBXFileReference; lastKnownFileType = sourcecode.swift; path = "Treddy/Voice/AudioPlayer.swift"; sourceTree = "<group>"; };
        B8411D2C99934A0790402EFE /* FunctionBridge.swift */ = {isa = PBXFileReference; lastKnownFileType = sourcecode.swift; path = "Treddy/Voice/FunctionBridge.swift"; sourceTree = "<group>"; };
        07B89F8B15474EFBBB1FE10B /* GeminiLiveClient.swift */ = {isa = PBXFileReference; lastKnownFileType = sourcecode.swift; path = "Treddy/Voice/GeminiLiveClient.swift"; sourceTree = "<group>"; };
        3C974A343D754561B5D73F07 /* VoiceCoordinator.swift */ = {isa = PBXFileReference; lastKnownFileType = sourcecode.swift; path = "Treddy/Voice/VoiceCoordinator.swift"; sourceTree = "<group>"; };
        D8997AB631ED434C9A91411C /* TreadmillStore.swift */ = {isa = PBXFileReference; lastKnownFileType = sourcecode.swift; path = "Treddy/State/TreadmillStore.swift"; sourceTree = "<group>"; };
        D0C0136057D94242AD0899E9 /* TreadmillModels.swift */ = {isa = PBXFileReference; lastKnownFileType = sourcecode.swift; path = "Treddy/Models/TreadmillModels.swift"; sourceTree = "<group>"; };
        3C2B9CD47045493D93EB10DE /* DebugView.swift */ = {isa = PBXFileReference; lastKnownFileType = sourcecode.swift; path = "Treddy/Views/DebugView.swift"; sourceTree = "<group>"; };
        1B87C6D824864476903F8F18 /* LobbyView.swift */ = {isa = PBXFileReference; lastKnownFileType = sourcecode.swift; path = "Treddy/Views/LobbyView.swift"; sourceTree = "<group>"; };
        1B2E98C619464143A4481048 /* ProfilePickerView.swift */ = {isa = PBXFileReference; lastKnownFileType = sourcecode.swift; path = "Treddy/Views/ProfilePickerView.swift"; sourceTree = "<group>"; };
        2B16B19FA6324CFCA2BAB82A /* RunningView.swift */ = {isa = PBXFileReference; lastKnownFileType = sourcecode.swift; path = "Treddy/Views/RunningView.swift"; sourceTree = "<group>"; };
        7CBF061BCD9F4A079A1B73AE /* SettingsView.swift */ = {isa = PBXFileReference; lastKnownFileType = sourcecode.swift; path = "Treddy/Views/SettingsView.swift"; sourceTree = "<group>"; };
        EA4B4E60180F42F9BB962908 /* SetupView.swift */ = {isa = PBXFileReference; lastKnownFileType = sourcecode.swift; path = "Treddy/Views/SetupView.swift"; sourceTree = "<group>"; };
        EDF6F3BD0B4747D6A9B2A6C9 /* AppColors.swift */ = {isa = PBXFileReference; lastKnownFileType = sourcecode.swift; path = "Treddy/Views/Components/AppColors.swift"; sourceTree = "<group>"; };
        52BC121CEF9D4CE88C6DFA5F /* DisconnectBanner.swift */ = {isa = PBXFileReference; lastKnownFileType = sourcecode.swift; path = "Treddy/Views/Components/DisconnectBanner.swift"; sourceTree = "<group>"; };
        064B4574773440E4826C3824 /* ElevationProfile.swift */ = {isa = PBXFileReference; lastKnownFileType = sourcecode.swift; path = "Treddy/Views/Components/ElevationProfile.swift"; sourceTree = "<group>"; };
        677A31EB36F84590BAF8E062 /* HrmSection.swift */ = {isa = PBXFileReference; lastKnownFileType = sourcecode.swift; path = "Treddy/Views/Components/HrmSection.swift"; sourceTree = "<group>"; };
        0F0EB5AF32384816B790BE63 /* MetricsRow.swift */ = {isa = PBXFileReference; lastKnownFileType = sourcecode.swift; path = "Treddy/Views/Components/MetricsRow.swift"; sourceTree = "<group>"; };
        5ADE0F5BB40A4B798E89248E /* NavRail.swift */ = {isa = PBXFileReference; lastKnownFileType = sourcecode.swift; path = "Treddy/Views/Components/NavRail.swift"; sourceTree = "<group>"; };
        F0F4CC09C7414742B835AC5B /* SpeedInclineControls.swift */ = {isa = PBXFileReference; lastKnownFileType = sourcecode.swift; path = "Treddy/Views/Components/SpeedInclineControls.swift"; sourceTree = "<group>"; };
        A7592D2BEFD9479AB9B3F481 /* ToastView.swift */ = {isa = PBXFileReference; lastKnownFileType = sourcecode.swift; path = "Treddy/Views/Components/ToastView.swift"; sourceTree = "<group>"; };
        7FB754F48F834560B9203594 /* Formatters.swift */ = {isa = PBXFileReference; lastKnownFileType = sourcecode.swift; path = "Treddy/Views/Utils/Formatters.swift"; sourceTree = "<group>"; };
        CD91C0E015064F7DAB47C318 /* bg_forest.jpg */ = {isa = PBXFileReference; lastKnownFileType = image.jpeg; path = "Treddy/Resources/bg_forest.jpg"; sourceTree = "<group>"; };
        F63C6F3A3AA548C88927225A /* RemoteLogger.swift */ = {isa = PBXBuildFile; fileRef = 2D7E4153715945C386E3A32E; };
        2863FBC6B59148C795A529C9 /* TreadmillAPI.swift */ = {isa = PBXBuildFile; fileRef = 23D9E07594B14CC9ADD9BC50; };
        30F169BB477441159DF408B9 /* TreadmillWebSocket.swift */ = {isa = PBXBuildFile; fileRef = FDBD58339BA24218BE27603F; };
        0C8997B0A35149A4A6E3E1EB /* TrustAllDelegate.swift */ = {isa = PBXBuildFile; fileRef = C18D5B80693C45E49DB0679D; };
        EF7E0A6F454142A7949EE77A /* AppRoute.swift */ = {isa = PBXBuildFile; fileRef = 7EC32C3A74154AF2B0142007; };
        0A4C21043D474BEFAE3C8134 /* AppShellView.swift */ = {isa = PBXBuildFile; fileRef = 52CDD557FA7145A18CC54860; };
        FA6E138FECCD405A99070B51 /* TreddyApp.swift */ = {isa = PBXBuildFile; fileRef = 61CF0248BCEC42F6990F7675; };
        F572EA1AF44E46299E46B668 /* AudioCapture.swift */ = {isa = PBXBuildFile; fileRef = 515DCBA27CD640D59AE73044; };
        CE6A7433F28144FF9D9661A2 /* AudioPlayer.swift */ = {isa = PBXBuildFile; fileRef = C2DA20478DAF474D9D3EB54A; };
        88C67B015185440EB4A851CD /* FunctionBridge.swift */ = {isa = PBXBuildFile; fileRef = B8411D2C99934A0790402EFE; };
        021B916077DF4BE1874EAE1E /* GeminiLiveClient.swift */ = {isa = PBXBuildFile; fileRef = 07B89F8B15474EFBBB1FE10B; };
        52FABB7F613849978C33DF44 /* VoiceCoordinator.swift */ = {isa = PBXBuildFile; fileRef = 3C974A343D754561B5D73F07; };
        1BDCBA4D53F4440FBAC4BEDC /* TreadmillStore.swift */ = {isa = PBXBuildFile; fileRef = D8997AB631ED434C9A91411C; };
        348142228931486786B98FBA /* TreadmillModels.swift */ = {isa = PBXBuildFile; fileRef = D0C0136057D94242AD0899E9; };
        3AFB08EE6AE04CA8A0A49F9B /* DebugView.swift */ = {isa = PBXBuildFile; fileRef = 3C2B9CD47045493D93EB10DE; };
        18FC552DABFF4E93AA7D9543 /* LobbyView.swift */ = {isa = PBXBuildFile; fileRef = 1B87C6D824864476903F8F18; };
        BD183E2E1F9C465EB0E29D50 /* ProfilePickerView.swift */ = {isa = PBXBuildFile; fileRef = 1B2E98C619464143A4481048; };
        4206A9B72CEC497FA34935AF /* RunningView.swift */ = {isa = PBXBuildFile; fileRef = 2B16B19FA6324CFCA2BAB82A; };
        2D93D6DC870E4A878EE64C04 /* SettingsView.swift */ = {isa = PBXBuildFile; fileRef = 7CBF061BCD9F4A079A1B73AE; };
        EA1CB9978CE947B0830644CF /* SetupView.swift */ = {isa = PBXBuildFile; fileRef = EA4B4E60180F42F9BB962908; };
        BBC1A922CA3F4E8198AB3D0A /* AppColors.swift */ = {isa = PBXBuildFile; fileRef = EDF6F3BD0B4747D6A9B2A6C9; };
        5386570C220A4FB0B06F97E2 /* DisconnectBanner.swift */ = {isa = PBXBuildFile; fileRef = 52BC121CEF9D4CE88C6DFA5F; };
        4FB73D9A91DD4A769ABCB6FC /* ElevationProfile.swift */ = {isa = PBXBuildFile; fileRef = 064B4574773440E4826C3824; };
        C945830BEEB84D19AFD4B9D0 /* HrmSection.swift */ = {isa = PBXBuildFile; fileRef = 677A31EB36F84590BAF8E062; };
        94758C81CDEF4EA894ECD331 /* MetricsRow.swift */ = {isa = PBXBuildFile; fileRef = 0F0EB5AF32384816B790BE63; };
        21D5742B1FA54FDB8673064D /* NavRail.swift */ = {isa = PBXBuildFile; fileRef = 5ADE0F5BB40A4B798E89248E; };
        35A47FB2BA7B46C199800F3C /* SpeedInclineControls.swift */ = {isa = PBXBuildFile; fileRef = F0F4CC09C7414742B835AC5B; };
        E2C6BDC8079A4A1BAB733341 /* ToastView.swift */ = {isa = PBXBuildFile; fileRef = A7592D2BEFD9479AB9B3F481; };
        6DCB19F398E44A21B0841BE9 /* Formatters.swift */ = {isa = PBXBuildFile; fileRef = 7FB754F48F834560B9203594; };
        B4E842B046C4457396FE27B3 /* bg_forest.jpg */ = {isa = PBXBuildFile; fileRef = CD91C0E015064F7DAB47C318; };
        6371852552CE44A9B4003427 = {isa = PBXFileReference; explicitFileType = wrapper.application; includeInIndex = 0; path = Treddy.app; sourceTree = BUILT_PRODUCTS_DIR; };
        7D04E7587E084A5CAECD7F6E = {isa = PBXGroup; children = (2D7E4153715945C386E3A32E, 23D9E07594B14CC9ADD9BC50, FDBD58339BA24218BE27603F, C18D5B80693C45E49DB0679D, 7EC32C3A74154AF2B0142007, 52CDD557FA7145A18CC54860, 61CF0248BCEC42F6990F7675, 515DCBA27CD640D59AE73044, C2DA20478DAF474D9D3EB54A, B8411D2C99934A0790402EFE, 07B89F8B15474EFBBB1FE10B, 3C974A343D754561B5D73F07, D8997AB631ED434C9A91411C, D0C0136057D94242AD0899E9, 3C2B9CD47045493D93EB10DE, 1B87C6D824864476903F8F18, 1B2E98C619464143A4481048, 2B16B19FA6324CFCA2BAB82A, 7CBF061BCD9F4A079A1B73AE, EA4B4E60180F42F9BB962908, EDF6F3BD0B4747D6A9B2A6C9, 52BC121CEF9D4CE88C6DFA5F, 064B4574773440E4826C3824, 677A31EB36F84590BAF8E062, 0F0EB5AF32384816B790BE63, 5ADE0F5BB40A4B798E89248E, F0F4CC09C7414742B835AC5B, A7592D2BEFD9479AB9B3F481, 7FB754F48F834560B9203594, CD91C0E015064F7DAB47C318, 2292275F4AD344B486AE64B8); sourceTree = "<group>"; };
        2292275F4AD344B486AE64B8 = {isa = PBXGroup; children = (6371852552CE44A9B4003427); name = Products; sourceTree = "<group>"; };
        2264099E4F27422780D4F631 = {isa = PBXSourcesBuildPhase; buildActionMask = 2147483647; files = (F63C6F3A3AA548C88927225A, 2863FBC6B59148C795A529C9, 30F169BB477441159DF408B9, 0C8997B0A35149A4A6E3E1EB, EF7E0A6F454142A7949EE77A, 0A4C21043D474BEFAE3C8134, FA6E138FECCD405A99070B51, F572EA1AF44E46299E46B668, CE6A7433F28144FF9D9661A2, 88C67B015185440EB4A851CD, 021B916077DF4BE1874EAE1E, 52FABB7F613849978C33DF44, 1BDCBA4D53F4440FBAC4BEDC, 348142228931486786B98FBA, 3AFB08EE6AE04CA8A0A49F9B, 18FC552DABFF4E93AA7D9543, BD183E2E1F9C465EB0E29D50, 4206A9B72CEC497FA34935AF, 2D93D6DC870E4A878EE64C04, EA1CB9978CE947B0830644CF, BBC1A922CA3F4E8198AB3D0A, 5386570C220A4FB0B06F97E2, 4FB73D9A91DD4A769ABCB6FC, C945830BEEB84D19AFD4B9D0, 94758C81CDEF4EA894ECD331, 21D5742B1FA54FDB8673064D, 35A47FB2BA7B46C199800F3C, E2C6BDC8079A4A1BAB733341, 6DCB19F398E44A21B0841BE9); runOnlyForDeploymentPostprocessing = 0; };
        4DA14ACCAA334548BCE0FE87 = {isa = PBXResourcesBuildPhase; buildActionMask = 2147483647; files = (B4E842B046C4457396FE27B3); runOnlyForDeploymentPostprocessing = 0; };
        A4A4F9DD0B884ABCBB40CF19 = {isa = PBXFrameworksBuildPhase; buildActionMask = 2147483647; files = (); runOnlyForDeploymentPostprocessing = 0; };
        9AB0E7A7BD3145C499EBE599 = {
            isa = PBXNativeTarget;
            buildConfigurationList = FB79F7F3888C494284A83C8D;
            buildPhases = (2264099E4F27422780D4F631, 4DA14ACCAA334548BCE0FE87, A4A4F9DD0B884ABCBB40CF19);
            buildRules = ();
            dependencies = ();
            name = Treddy;
            productName = Treddy;
            productReference = 6371852552CE44A9B4003427;
            productType = "com.apple.product-type.application";
        };
        06EE3D2901CA44A2A523E29F = {
            isa = XCBuildConfiguration;
            buildSettings = {
                PRODUCT_BUNDLE_IDENTIFIER = "com.treddy.app";
                PRODUCT_NAME = Treddy;
                SWIFT_VERSION = 6.0;
                INFOPLIST_GENERATION_MODE = GeneratedFile;
                IPHONEOS_DEPLOYMENT_TARGET = 26.0;
                SDKROOT = iphoneos;
                TARGETED_DEVICE_FAMILY = "1,2";
                CODE_SIGN_IDENTITY = "-";
                MARKETING_VERSION = 1.0.0;
                CURRENT_PROJECT_VERSION = 1;
                GENERATE_INFOPLIST_FILE = YES;
                INFOPLIST_KEY_NSMicrophoneUsageDescription = "Voice control for your treadmill";
            };
            name = Debug;
        };
        7ECB768415A84A87B0C5556E = {
            isa = XCBuildConfiguration;
            buildSettings = {
                PRODUCT_BUNDLE_IDENTIFIER = "com.treddy.app";
                PRODUCT_NAME = Treddy;
                SWIFT_VERSION = 6.0;
                INFOPLIST_GENERATION_MODE = GeneratedFile;
                IPHONEOS_DEPLOYMENT_TARGET = 26.0;
                SDKROOT = iphoneos;
                TARGETED_DEVICE_FAMILY = "1,2";
                CODE_SIGN_IDENTITY = "-";
                MARKETING_VERSION = 1.0.0;
                CURRENT_PROJECT_VERSION = 1;
                GENERATE_INFOPLIST_FILE = YES;
                INFOPLIST_KEY_NSMicrophoneUsageDescription = "Voice control for your treadmill";
            };
            name = Release;
        };
        42E1458B670D48828CA822FB = {
            isa = XCBuildConfiguration;
            buildSettings = {
                ALWAYS_SEARCH_USER_PATHS = NO;
                SDKROOT = iphoneos;
                CLANG_ENABLE_MODULES = YES;
                CODE_SIGN_IDENTITY = "";
                CODE_SIGNING_REQUIRED = NO;
                SWIFT_OPTIMIZATION_LEVEL = "-Onone";
            };
            name = Debug;
        };
        F4BA5F3B5B7F4975B1461700 = {
            isa = XCBuildConfiguration;
            buildSettings = {
                ALWAYS_SEARCH_USER_PATHS = NO;
                SDKROOT = iphoneos;
                CLANG_ENABLE_MODULES = YES;
                CODE_SIGN_IDENTITY = "";
                CODE_SIGNING_REQUIRED = NO;
            };
            name = Release;
        };
        FB79F7F3888C494284A83C8D = {isa = XCConfigurationList; buildConfigurations = (06EE3D2901CA44A2A523E29F, 7ECB768415A84A87B0C5556E); defaultConfigurationName = Debug; };
        7B23D435267C4662A238A1A1 = {isa = XCConfigurationList; buildConfigurations = (42E1458B670D48828CA822FB, F4BA5F3B5B7F4975B1461700); defaultConfigurationName = Debug; };
        9ABAF60B60B74956ABC99DE6 = {
            isa = PBXProject;
            buildConfigurationList = 7B23D435267C4662A238A1A1;
            compatibilityVersion = "Xcode 14.0";
            mainGroup = 7D04E7587E084A5CAECD7F6E;
            productRefGroup = 2292275F4AD344B486AE64B8;
            targets = (9AB0E7A7BD3145C499EBE599);
        };
    };
    rootObject = 9ABAF60B60B74956ABC99DE6;
}
