// !$*UTF8*$!
{
    archiveVersion = 1;
    classes = {};
    objectVersion = 56;
    objects = {

        C1856A5A6B794126B05A86DB /* DiscoveryUrl.swift */ = {isa = PBXFileReference; lastKnownFileType = sourcecode.swift; path = "Treddy/Services/DiscoveryUrl.swift"; sourceTree = "<group>"; };
        0C82DDBAD394497182582211 /* RemoteLogger.swift */ = {isa = PBXFileReference; lastKnownFileType = sourcecode.swift; path = "Treddy/Services/RemoteLogger.swift"; sourceTree = "<group>"; };
        490FFD47648243D79BE45D19 /* TreadmillAPI.swift */ = {isa = PBXFileReference; lastKnownFileType = sourcecode.swift; path = "Treddy/Services/TreadmillAPI.swift"; sourceTree = "<group>"; };
        D56D722C7524499D858E1026 /* TreadmillDiscovery.swift */ = {isa = PBXFileReference; lastKnownFileType = sourcecode.swift; path = "Treddy/Services/TreadmillDiscovery.swift"; sourceTree = "<group>"; };
        67F7280D828B4BCC8106794F /* TreadmillWebSocket.swift */ = {isa = PBXFileReference; lastKnownFileType = sourcecode.swift; path = "Treddy/Services/TreadmillWebSocket.swift"; sourceTree = "<group>"; };
        28223591867E4DDD813DC14D /* TrustAllDelegate.swift */ = {isa = PBXFileReference; lastKnownFileType = sourcecode.swift; path = "Treddy/Services/TrustAllDelegate.swift"; sourceTree = "<group>"; };
        6776C291CD334A75AB609669 /* AppRoute.swift */ = {isa = PBXFileReference; lastKnownFileType = sourcecode.swift; path = "Treddy/App/AppRoute.swift"; sourceTree = "<group>"; };
        856D0DF68D8E4E999724120F /* AppShellView.swift */ = {isa = PBXFileReference; lastKnownFileType = sourcecode.swift; path = "Treddy/App/AppShellView.swift"; sourceTree = "<group>"; };
        0ABFBA6FCE4C410DB8CF8609 /* TreddyApp.swift */ = {isa = PBXFileReference; lastKnownFileType = sourcecode.swift; path = "Treddy/App/TreddyApp.swift"; sourceTree = "<group>"; };
        09A6D29FBE42499D92A7818B /* AudioCapture.swift */ = {isa = PBXFileReference; lastKnownFileType = sourcecode.swift; path = "Treddy/Voice/AudioCapture.swift"; sourceTree = "<group>"; };
        969F2445394D4EA9BECD1626 /* AudioPlayer.swift */ = {isa = PBXFileReference; lastKnownFileType = sourcecode.swift; path = "Treddy/Voice/AudioPlayer.swift"; sourceTree = "<group>"; };
        0282B70FE7744460885D6482 /* FunctionBridge.swift */ = {isa = PBXFileReference; lastKnownFileType = sourcecode.swift; path = "Treddy/Voice/FunctionBridge.swift"; sourceTree = "<group>"; };
        F125210F58DD4430A49709E0 /* GeminiLiveClient.swift */ = {isa = PBXFileReference; lastKnownFileType = sourcecode.swift; path = "Treddy/Voice/GeminiLiveClient.swift"; sourceTree = "<group>"; };
        060E433247A64BDE97B0730C /* VoiceCoordinator.swift */ = {isa = PBXFileReference; lastKnownFileType = sourcecode.swift; path = "Treddy/Voice/VoiceCoordinator.swift"; sourceTree = "<group>"; };
        2B99D10415CD44D084DBAE2E /* TreadmillStore.swift */ = {isa = PBXFileReference; lastKnownFileType = sourcecode.swift; path = "Treddy/State/TreadmillStore.swift"; sourceTree = "<group>"; };
        C403DFC1560B4C1FAD9AF345 /* TreadmillModels.swift */ = {isa = PBXFileReference; lastKnownFileType = sourcecode.swift; path = "Treddy/Models/TreadmillModels.swift"; sourceTree = "<group>"; };
        94D004682AEC4F5A962A5A0F /* DebugView.swift */ = {isa = PBXFileReference; lastKnownFileType = sourcecode.swift; path = "Treddy/Views/DebugView.swift"; sourceTree = "<group>"; };
        5C1C3069F8024F259114B902 /* LobbyView.swift */ = {isa = PBXFileReference; lastKnownFileType = sourcecode.swift; path = "Treddy/Views/LobbyView.swift"; sourceTree = "<group>"; };
        E2B96BAF0FE04A22A4C53667 /* ProfilePickerView.swift */ = {isa = PBXFileReference; lastKnownFileType = sourcecode.swift; path = "Treddy/Views/ProfilePickerView.swift"; sourceTree = "<group>"; };
        70D3804D06E840D3BB09504F /* RunningView.swift */ = {isa = PBXFileReference; lastKnownFileType = sourcecode.swift; path = "Treddy/Views/RunningView.swift"; sourceTree = "<group>"; };
        3C3D351D07144522868EA887 /* SettingsView.swift */ = {isa = PBXFileReference; lastKnownFileType = sourcecode.swift; path = "Treddy/Views/SettingsView.swift"; sourceTree = "<group>"; };
        81A617B0AD844955B7C52210 /* SetupView.swift */ = {isa = PBXFileReference; lastKnownFileType = sourcecode.swift; path = "Treddy/Views/SetupView.swift"; sourceTree = "<group>"; };
        77ED97A5E591438996E04D04 /* AppColors.swift */ = {isa = PBXFileReference; lastKnownFileType = sourcecode.swift; path = "Treddy/Views/Components/AppColors.swift"; sourceTree = "<group>"; };
        6795D53423034E93AC26E81B /* DisconnectBanner.swift */ = {isa = PBXFileReference; lastKnownFileType = sourcecode.swift; path = "Treddy/Views/Components/DisconnectBanner.swift"; sourceTree = "<group>"; };
        E8C42D06E6764ABC84DC8244 /* ElevationProfile.swift */ = {isa = PBXFileReference; lastKnownFileType = sourcecode.swift; path = "Treddy/Views/Components/ElevationProfile.swift"; sourceTree = "<group>"; };
        AD6A6E693B274E53A4A41438 /* HrmSection.swift */ = {isa = PBXFileReference; lastKnownFileType = sourcecode.swift; path = "Treddy/Views/Components/HrmSection.swift"; sourceTree = "<group>"; };
        013E61EFC7F44B4AB1610F2D /* MetricsRow.swift */ = {isa = PBXFileReference; lastKnownFileType = sourcecode.swift; path = "Treddy/Views/Components/MetricsRow.swift"; sourceTree = "<group>"; };
        CD3426D00786467EBE04FB88 /* NavRail.swift */ = {isa = PBXFileReference; lastKnownFileType = sourcecode.swift; path = "Treddy/Views/Components/NavRail.swift"; sourceTree = "<group>"; };
        A41E15EDE31C42E1B8259849 /* SpeedInclineControls.swift */ = {isa = PBXFileReference; lastKnownFileType = sourcecode.swift; path = "Treddy/Views/Components/SpeedInclineControls.swift"; sourceTree = "<group>"; };
        D875B58C1FBF43F1BD1B3766 /* ToastView.swift */ = {isa = PBXFileReference; lastKnownFileType = sourcecode.swift; path = "Treddy/Views/Components/ToastView.swift"; sourceTree = "<group>"; };
        29A1953FB37B4D61A7DB092C /* Formatters.swift */ = {isa = PBXFileReference; lastKnownFileType = sourcecode.swift; path = "Treddy/Views/Utils/Formatters.swift"; sourceTree = "<group>"; };
        D104733DC3674312890E7A9E /* bg_forest.jpg */ = {isa = PBXFileReference; lastKnownFileType = image.jpeg; path = "Treddy/Resources/bg_forest.jpg"; sourceTree = "<group>"; };
        92557AF99A454CC5ABE7C892 /* DiscoveryUrl.swift */ = {isa = PBXBuildFile; fileRef = C1856A5A6B794126B05A86DB; };
        7AA1DDB7CA844E8BA6B534A6 /* RemoteLogger.swift */ = {isa = PBXBuildFile; fileRef = 0C82DDBAD394497182582211; };
        D987639CC0184457996286B0 /* TreadmillAPI.swift */ = {isa = PBXBuildFile; fileRef = 490FFD47648243D79BE45D19; };
        459964E1890D4127AB079865 /* TreadmillDiscovery.swift */ = {isa = PBXBuildFile; fileRef = D56D722C7524499D858E1026; };
        46B0432826744FD2ABE2EDC7 /* TreadmillWebSocket.swift */ = {isa = PBXBuildFile; fileRef = 67F7280D828B4BCC8106794F; };
        D05D5D0DBA3C426697A65821 /* TrustAllDelegate.swift */ = {isa = PBXBuildFile; fileRef = 28223591867E4DDD813DC14D; };
        26D7759C63D24BEF8F11C9E0 /* AppRoute.swift */ = {isa = PBXBuildFile; fileRef = 6776C291CD334A75AB609669; };
        8276BF812154487E88346137 /* AppShellView.swift */ = {isa = PBXBuildFile; fileRef = 856D0DF68D8E4E999724120F; };
        BA54D6A50F9B4DDBA697CDFB /* TreddyApp.swift */ = {isa = PBXBuildFile; fileRef = 0ABFBA6FCE4C410DB8CF8609; };
        6EFCBFE1B08C4195BD3D1489 /* AudioCapture.swift */ = {isa = PBXBuildFile; fileRef = 09A6D29FBE42499D92A7818B; };
        A4EE80389ECC40B6B1733E89 /* AudioPlayer.swift */ = {isa = PBXBuildFile; fileRef = 969F2445394D4EA9BECD1626; };
        46ED1E5CD1844E459380F31C /* FunctionBridge.swift */ = {isa = PBXBuildFile; fileRef = 0282B70FE7744460885D6482; };
        2FCED75CC3384904AE804C07 /* GeminiLiveClient.swift */ = {isa = PBXBuildFile; fileRef = F125210F58DD4430A49709E0; };
        EB23A670C2D14417AFB820DB /* VoiceCoordinator.swift */ = {isa = PBXBuildFile; fileRef = 060E433247A64BDE97B0730C; };
        26E1E5115FD34392B3B19E14 /* TreadmillStore.swift */ = {isa = PBXBuildFile; fileRef = 2B99D10415CD44D084DBAE2E; };
        17DE03D7038242DB848E79DE /* TreadmillModels.swift */ = {isa = PBXBuildFile; fileRef = C403DFC1560B4C1FAD9AF345; };
        254DA666C66D456084A5E2CE /* DebugView.swift */ = {isa = PBXBuildFile; fileRef = 94D004682AEC4F5A962A5A0F; };
        9C25ED1990A14FD8BD15D140 /* LobbyView.swift */ = {isa = PBXBuildFile; fileRef = 5C1C3069F8024F259114B902; };
        E3252D1EE3B44FFA86CB0C55 /* ProfilePickerView.swift */ = {isa = PBXBuildFile; fileRef = E2B96BAF0FE04A22A4C53667; };
        A793045382F64663918396D2 /* RunningView.swift */ = {isa = PBXBuildFile; fileRef = 70D3804D06E840D3BB09504F; };
        6BB376E213CE44CDBD823556 /* SettingsView.swift */ = {isa = PBXBuildFile; fileRef = 3C3D351D07144522868EA887; };
        60C6F18A0767400092424197 /* SetupView.swift */ = {isa = PBXBuildFile; fileRef = 81A617B0AD844955B7C52210; };
        A2817A29C210494BA2A09E8F /* AppColors.swift */ = {isa = PBXBuildFile; fileRef = 77ED97A5E591438996E04D04; };
        6610837C71D8451D9C5F70A7 /* DisconnectBanner.swift */ = {isa = PBXBuildFile; fileRef = 6795D53423034E93AC26E81B; };
        87D11BE1E561425BA6879C0E /* ElevationProfile.swift */ = {isa = PBXBuildFile; fileRef = E8C42D06E6764ABC84DC8244; };
        2359D68BAEB14982835DCA7E /* HrmSection.swift */ = {isa = PBXBuildFile; fileRef = AD6A6E693B274E53A4A41438; };
        FDFB07B0CAF54F539A1DC108 /* MetricsRow.swift */ = {isa = PBXBuildFile; fileRef = 013E61EFC7F44B4AB1610F2D; };
        E107F54F13A94C90B0A3573E /* NavRail.swift */ = {isa = PBXBuildFile; fileRef = CD3426D00786467EBE04FB88; };
        B00C53AEC6CC45EE8B493A5E /* SpeedInclineControls.swift */ = {isa = PBXBuildFile; fileRef = A41E15EDE31C42E1B8259849; };
        89E02BFBCA3B4D21B35E925F /* ToastView.swift */ = {isa = PBXBuildFile; fileRef = D875B58C1FBF43F1BD1B3766; };
        C9ECB245F2CE4028AB910899 /* Formatters.swift */ = {isa = PBXBuildFile; fileRef = 29A1953FB37B4D61A7DB092C; };
        CE56924E366041AFB8B2DA7E /* bg_forest.jpg */ = {isa = PBXBuildFile; fileRef = D104733DC3674312890E7A9E; };
        5C0ED5B643994412A18F6E82 = {isa = PBXFileReference; explicitFileType = wrapper.application; includeInIndex = 0; path = Treddy.app; sourceTree = BUILT_PRODUCTS_DIR; };
        A290176DDA4642BBACD304B7 = {isa = PBXGroup; children = (C1856A5A6B794126B05A86DB, 0C82DDBAD394497182582211, 490FFD47648243D79BE45D19, D56D722C7524499D858E1026, 67F7280D828B4BCC8106794F, 28223591867E4DDD813DC14D, 6776C291CD334A75AB609669, 856D0DF68D8E4E999724120F, 0ABFBA6FCE4C410DB8CF8609, 09A6D29FBE42499D92A7818B, 969F2445394D4EA9BECD1626, 0282B70FE7744460885D6482, F125210F58DD4430A49709E0, 060E433247A64BDE97B0730C, 2B99D10415CD44D084DBAE2E, C403DFC1560B4C1FAD9AF345, 94D004682AEC4F5A962A5A0F, 5C1C3069F8024F259114B902, E2B96BAF0FE04A22A4C53667, 70D3804D06E840D3BB09504F, 3C3D351D07144522868EA887, 81A617B0AD844955B7C52210, 77ED97A5E591438996E04D04, 6795D53423034E93AC26E81B, E8C42D06E6764ABC84DC8244, AD6A6E693B274E53A4A41438, 013E61EFC7F44B4AB1610F2D, CD3426D00786467EBE04FB88, A41E15EDE31C42E1B8259849, D875B58C1FBF43F1BD1B3766, 29A1953FB37B4D61A7DB092C, D104733DC3674312890E7A9E, C331E6A65F5243A6B57459FD); sourceTree = "<group>"; };
        C331E6A65F5243A6B57459FD = {isa = PBXGroup; children = (5C0ED5B643994412A18F6E82); name = Products; sourceTree = "<group>"; };
        22497148326D46A2A7647A87 = {isa = PBXSourcesBuildPhase; buildActionMask = 2147483647; files = (92557AF99A454CC5ABE7C892, 7AA1DDB7CA844E8BA6B534A6, D987639CC0184457996286B0, 459964E1890D4127AB079865, 46B0432826744FD2ABE2EDC7, D05D5D0DBA3C426697A65821, 26D7759C63D24BEF8F11C9E0, 8276BF812154487E88346137, BA54D6A50F9B4DDBA697CDFB, 6EFCBFE1B08C4195BD3D1489, A4EE80389ECC40B6B1733E89, 46ED1E5CD1844E459380F31C, 2FCED75CC3384904AE804C07, EB23A670C2D14417AFB820DB, 26E1E5115FD34392B3B19E14, 17DE03D7038242DB848E79DE, 254DA666C66D456084A5E2CE, 9C25ED1990A14FD8BD15D140, E3252D1EE3B44FFA86CB0C55, A793045382F64663918396D2, 6BB376E213CE44CDBD823556, 60C6F18A0767400092424197, A2817A29C210494BA2A09E8F, 6610837C71D8451D9C5F70A7, 87D11BE1E561425BA6879C0E, 2359D68BAEB14982835DCA7E, FDFB07B0CAF54F539A1DC108, E107F54F13A94C90B0A3573E, B00C53AEC6CC45EE8B493A5E, 89E02BFBCA3B4D21B35E925F, C9ECB245F2CE4028AB910899); runOnlyForDeploymentPostprocessing = 0; };
        C0F118EF6F7D4AE291223D60 = {isa = PBXResourcesBuildPhase; buildActionMask = 2147483647; files = (CE56924E366041AFB8B2DA7E); runOnlyForDeploymentPostprocessing = 0; };
        55E40A6E1D2147F79CB53403 = {isa = PBXFrameworksBuildPhase; buildActionMask = 2147483647; files = (); runOnlyForDeploymentPostprocessing = 0; };
        5DFD4139805647609EB6C4E6 = {
            isa = PBXNativeTarget;
            buildConfigurationList = AC8572C0B32B4932B5852AB6;
            buildPhases = (22497148326D46A2A7647A87, C0F118EF6F7D4AE291223D60, 55E40A6E1D2147F79CB53403);
            buildRules = ();
            dependencies = ();
            name = Treddy;
            productName = Treddy;
            productReference = 5C0ED5B643994412A18F6E82;
            productType = "com.apple.product-type.application";
        };
        5CF8467F78E84F208F646C39 = {
            isa = XCBuildConfiguration;
            buildSettings = {
                PRODUCT_BUNDLE_IDENTIFIER = "com.treddy.app";
                PRODUCT_NAME = Treddy;
                SWIFT_VERSION = 6.0;
                INFOPLIST_GENERATION_MODE = GeneratedFile;
                IPHONEOS_DEPLOYMENT_TARGET = 26.0;
                SDKROOT = iphoneos;
                TARGETED_DEVICE_FAMILY = "1,2";
                CODE_SIGN_IDENTITY = "-";
                MARKETING_VERSION = 1.0.0;
                CURRENT_PROJECT_VERSION = 1;
                GENERATE_INFOPLIST_FILE = YES;
                INFOPLIST_KEY_NSMicrophoneUsageDescription = "Voice control for your treadmill";
                INFOPLIST_KEY_NSLocalNetworkUsageDescription = "Find your treadmill on the local network.";
                INFOPLIST_KEY_NSBonjourServices = "_treadmill._tcp";
            };
            name = Debug;
        };
        E41CDC29CD324A7EB06D54C7 = {
            isa = XCBuildConfiguration;
            buildSettings = {
                PRODUCT_BUNDLE_IDENTIFIER = "com.treddy.app";
                PRODUCT_NAME = Treddy;
                SWIFT_VERSION = 6.0;
                INFOPLIST_GENERATION_MODE = GeneratedFile;
                IPHONEOS_DEPLOYMENT_TARGET = 26.0;
                SDKROOT = iphoneos;
                TARGETED_DEVICE_FAMILY = "1,2";
                CODE_SIGN_IDENTITY = "-";
                MARKETING_VERSION = 1.0.0;
                CURRENT_PROJECT_VERSION = 1;
                GENERATE_INFOPLIST_FILE = YES;
                INFOPLIST_KEY_NSMicrophoneUsageDescription = "Voice control for your treadmill";
                INFOPLIST_KEY_NSLocalNetworkUsageDescription = "Find your treadmill on the local network.";
                INFOPLIST_KEY_NSBonjourServices = "_treadmill._tcp";
            };
            name = Release;
        };
        C0BFC7DF065A401483FFDABF = {
            isa = XCBuildConfiguration;
            buildSettings = {
                ALWAYS_SEARCH_USER_PATHS = NO;
                SDKROOT = iphoneos;
                CLANG_ENABLE_MODULES = YES;
                CODE_SIGN_IDENTITY = "";
                CODE_SIGNING_REQUIRED = NO;
                SWIFT_OPTIMIZATION_LEVEL = "-Onone";
            };
            name = Debug;
        };
        585E50AAC5CA4F219ED249E8 = {
            isa = XCBuildConfiguration;
            buildSettings = {
                ALWAYS_SEARCH_USER_PATHS = NO;
                SDKROOT = iphoneos;
                CLANG_ENABLE_MODULES = YES;
                CODE_SIGN_IDENTITY = "";
                CODE_SIGNING_REQUIRED = NO;
            };
            name = Release;
        };
        AC8572C0B32B4932B5852AB6 = {isa = XCConfigurationList; buildConfigurations = (5CF8467F78E84F208F646C39, E41CDC29CD324A7EB06D54C7); defaultConfigurationName = Debug; };
        51A086C28BF84CD7B4EEB008 = {isa = XCConfigurationList; buildConfigurations = (C0BFC7DF065A401483FFDABF, 585E50AAC5CA4F219ED249E8); defaultConfigurationName = Debug; };
        4A3C8D88A87140F182C2DF3F = {
            isa = PBXProject;
            buildConfigurationList = 51A086C28BF84CD7B4EEB008;
            compatibilityVersion = "Xcode 14.0";
            mainGroup = A290176DDA4642BBACD304B7;
            productRefGroup = C331E6A65F5243A6B57459FD;
            targets = (5DFD4139805647609EB6C4E6);
        };
    };
    rootObject = 4A3C8D88A87140F182C2DF3F;
}
